
Microsoft Visual Studio Solution File, Format Version 12.00
# Visual Studio Version 17
VisualStudioVersion = 17.11.35327.3
MinimumVisualStudioVersion = 10.0.40219.1
Project("{FAE04EC0-301F-11D3-BF4B-00C04F79EFBC}") = "First", "First\First.csproj", "{B549DE10-FF27-4011-8D8B-5D858B11DCDE}"
EndProject
Global
	GlobalSection(SolutionConfigurationPlatforms) = preSolution
		Debug|Any CPU = Debug|Any CPU
		Release|Any CPU = Release|Any CPU
	EndGlobalSection
	GlobalSection(ProjectConfigurationPlatforms) = postSolution
		{B549DE10-FF27-4011-8D8B-5D858B11DCDE}.Debug|Any CPU.ActiveCfg = Debug|Any CPU
		{B549DE10-FF27-4011-8D8B-5D858B11DCDE}.Debug|Any CPU.Build.0 = Debug|Any CPU
		{B549DE10-FF27-4011-8D8B-5D858B11DCDE}.Release|Any CPU.ActiveCfg = Release|Any CPU
		{B549DE10-FF27-4011-8D8B-5D858B11DCDE}.Release|Any CPU.Build.0 = Release|Any CPU
	EndGlobalSection
	GlobalSection(SolutionProperties) = preSolution
		HideSolutionNode = FALSE
	EndGlobalSection
	GlobalSection(ExtensibilityGlobals) = postSolution
		SolutionGuid = {413669A8-AE76-42B1-8AE0-CD66DE27245B}
	EndGlobalSection
EndGlobal
